
Microsoft Visual Studio Solution File, Format Version 12.00
# Visual Studio 15
Project("{FAE04EC0-301F-11D3-BF4B-00C04F79EFBC}") = "Assembly-CSharp", "Assembly-CSharp.csproj", "{E80E9977-2DDF-774F-38D9-C54F28D0CC0B}"
EndProject
Project("{FAE04EC0-301F-11D3-BF4B-00C04F79EFBC}") = "Assembly-CSharp-Editor", "Assembly-CSharp-Editor.csproj", "{A3CE91A7-05EB-AC6A-AF33-ACE9A7F04839}"
EndProject
Global
	GlobalSection(SolutionConfigurationPlatforms) = preSolution
		Debug|Any CPU = Debug|Any CPU
		Release|Any CPU = Release|Any CPU
	EndGlobalSection
	GlobalSection(ProjectConfigurationPlatforms) = postSolution
		{E80E9977-2DDF-774F-38D9-C54F28D0CC0B}.Debug|Any CPU.ActiveCfg = Debug|Any CPU
		{E80E9977-2DDF-774F-38D9-C54F28D0CC0B}.Debug|Any CPU.Build.0 = Debug|Any CPU
		{E80E9977-2DDF-774F-38D9-C54F28D0CC0B}.Release|Any CPU.ActiveCfg = Release|Any CPU
		{E80E9977-2DDF-774F-38D9-C54F28D0CC0B}.Release|Any CPU.Build.0 = Release|Any CPU
		{A3CE91A7-05EB-AC6A-AF33-ACE9A7F04839}.Debug|Any CPU.ActiveCfg = Debug|Any CPU
		{A3CE91A7-05EB-AC6A-AF33-ACE9A7F04839}.Debug|Any CPU.Build.0 = Debug|Any CPU
		{A3CE91A7-05EB-AC6A-AF33-ACE9A7F04839}.Release|Any CPU.ActiveCfg = Release|Any CPU
		{A3CE91A7-05EB-AC6A-AF33-ACE9A7F04839}.Release|Any CPU.Build.0 = Release|Any CPU
	EndGlobalSection
	GlobalSection(SolutionProperties) = preSolution
		HideSolutionNode = FALSE
	EndGlobalSection
EndGlobal
